
Microsoft Visual Studio Solution File, Format Version 12.00
# Visual Studio Version 17
VisualStudioVersion = 17.2.32602.215
MinimumVisualStudioVersion = 10.0.40219.1
Project("{F184B08F-C81C-45F6-A57F-5ABD9991F28F}") = "GrajCyganie", "GrajCyganie\GrajCyganie.vbproj", "{80926213-367D-4D58-9824-1027274A0243}"
EndProject
Project("{F184B08F-C81C-45F6-A57F-5ABD9991F28F}") = "SystrayComponent", "WindowsApp1\SystrayComponent.vbproj", "{2318F140-0595-4A2D-B208-70AB26A386E5}"
EndProject
Project("{F184B08F-C81C-45F6-A57F-5ABD9991F28F}") = "SyncSqlCosmo", "SyncSqlCosmo\SyncSqlCosmo.vbproj", "{509A984D-0370-40FE-9A1E-D9F1BFEB8072}"
EndProject
Project("{F184B08F-C81C-45F6-A57F-5ABD9991F28F}") = "WebPkarind", "WebPkarind\WebPkarind.vbproj", "{1D8A5A75-2774-4364-A65C-EE13DF13DCD1}"
EndProject
Project("{9A19103F-16F7-4668-BE54-9A1E7A4F7556}") = "NetCoreSWebApp", "NetCoreSWebApp\NetCoreSWebApp.csproj", "{2CE15846-4DFB-4755-9826-D3A1315625E7}"
EndProject
Project("{F184B08F-C81C-45F6-A57F-5ABD9991F28F}") = "VbLib", "VbLib\VbLib.vbproj", "{B98C4149-A0D5-446B-A1E1-4EE213100CDB}"
EndProject
Global
	GlobalSection(SolutionConfigurationPlatforms) = preSolution
		Debug|Any CPU = Debug|Any CPU
		Debug|ARM = Debug|ARM
		Debug|ARM64 = Debug|ARM64
		Debug|x64 = Debug|x64
		Debug|x86 = Debug|x86
		Release|Any CPU = Release|Any CPU
		Release|ARM = Release|ARM
		Release|ARM64 = Release|ARM64
		Release|x64 = Release|x64
		Release|x86 = Release|x86
	EndGlobalSection
	GlobalSection(ProjectConfigurationPlatforms) = postSolution
		{80926213-367D-4D58-9824-1027274A0243}.Debug|Any CPU.ActiveCfg = Debug|x86
		{80926213-367D-4D58-9824-1027274A0243}.Debug|ARM.ActiveCfg = Debug|ARM
		{80926213-367D-4D58-9824-1027274A0243}.Debug|ARM.Build.0 = Debug|ARM
		{80926213-367D-4D58-9824-1027274A0243}.Debug|ARM.Deploy.0 = Debug|ARM
		{80926213-367D-4D58-9824-1027274A0243}.Debug|ARM64.ActiveCfg = Debug|x86
		{80926213-367D-4D58-9824-1027274A0243}.Debug|x64.ActiveCfg = Debug|x64
		{80926213-367D-4D58-9824-1027274A0243}.Debug|x64.Build.0 = Debug|x64
		{80926213-367D-4D58-9824-1027274A0243}.Debug|x64.Deploy.0 = Debug|x64
		{80926213-367D-4D58-9824-1027274A0243}.Debug|x86.ActiveCfg = Debug|x86
		{80926213-367D-4D58-9824-1027274A0243}.Debug|x86.Build.0 = Debug|x86
		{80926213-367D-4D58-9824-1027274A0243}.Debug|x86.Deploy.0 = Debug|x86
		{80926213-367D-4D58-9824-1027274A0243}.Release|Any CPU.ActiveCfg = Release|x86
		{80926213-367D-4D58-9824-1027274A0243}.Release|ARM.ActiveCfg = Release|ARM
		{80926213-367D-4D58-9824-1027274A0243}.Release|ARM.Build.0 = Release|ARM
		{80926213-367D-4D58-9824-1027274A0243}.Release|ARM.Deploy.0 = Release|ARM
		{80926213-367D-4D58-9824-1027274A0243}.Release|ARM64.ActiveCfg = Release|x86
		{80926213-367D-4D58-9824-1027274A0243}.Release|x64.ActiveCfg = Release|x64
		{80926213-367D-4D58-9824-1027274A0243}.Release|x64.Build.0 = Release|x64
		{80926213-367D-4D58-9824-1027274A0243}.Release|x64.Deploy.0 = Release|x64
		{80926213-367D-4D58-9824-1027274A0243}.Release|x86.ActiveCfg = Release|x86
		{80926213-367D-4D58-9824-1027274A0243}.Release|x86.Build.0 = Release|x86
		{80926213-367D-4D58-9824-1027274A0243}.Release|x86.Deploy.0 = Release|x86
		{2318F140-0595-4A2D-B208-70AB26A386E5}.Debug|Any CPU.ActiveCfg = Debug|Any CPU
		{2318F140-0595-4A2D-B208-70AB26A386E5}.Debug|Any CPU.Build.0 = Debug|Any CPU
		{2318F140-0595-4A2D-B208-70AB26A386E5}.Debug|ARM.ActiveCfg = Debug|Any CPU
		{2318F140-0595-4A2D-B208-70AB26A386E5}.Debug|ARM.Build.0 = Debug|Any CPU
		{2318F140-0595-4A2D-B208-70AB26A386E5}.Debug|ARM64.ActiveCfg = Debug|Any CPU
		{2318F140-0595-4A2D-B208-70AB26A386E5}.Debug|ARM64.Build.0 = Debug|Any CPU
		{2318F140-0595-4A2D-B208-70AB26A386E5}.Debug|x64.ActiveCfg = Debug|Any CPU
		{2318F140-0595-4A2D-B208-70AB26A386E5}.Debug|x64.Build.0 = Debug|Any CPU
		{2318F140-0595-4A2D-B208-70AB26A386E5}.Debug|x86.ActiveCfg = Debug|Any CPU
		{2318F140-0595-4A2D-B208-70AB26A386E5}.Debug|x86.Build.0 = Debug|Any CPU
		{2318F140-0595-4A2D-B208-70AB26A386E5}.Release|Any CPU.ActiveCfg = Release|Any CPU
		{2318F140-0595-4A2D-B208-70AB26A386E5}.Release|Any CPU.Build.0 = Release|Any CPU
		{2318F140-0595-4A2D-B208-70AB26A386E5}.Release|ARM.ActiveCfg = Release|Any CPU
		{2318F140-0595-4A2D-B208-70AB26A386E5}.Release|ARM.Build.0 = Release|Any CPU
		{2318F140-0595-4A2D-B208-70AB26A386E5}.Release|ARM64.ActiveCfg = Release|Any CPU
		{2318F140-0595-4A2D-B208-70AB26A386E5}.Release|ARM64.Build.0 = Release|Any CPU
		{2318F140-0595-4A2D-B208-70AB26A386E5}.Release|x64.ActiveCfg = Release|Any CPU
		{2318F140-0595-4A2D-B208-70AB26A386E5}.Release|x64.Build.0 = Release|Any CPU
		{2318F140-0595-4A2D-B208-70AB26A386E5}.Release|x86.ActiveCfg = Release|Any CPU
		{2318F140-0595-4A2D-B208-70AB26A386E5}.Release|x86.Build.0 = Release|Any CPU
		{509A984D-0370-40FE-9A1E-D9F1BFEB8072}.Debug|Any CPU.ActiveCfg = Debug|x86
		{509A984D-0370-40FE-9A1E-D9F1BFEB8072}.Debug|ARM.ActiveCfg = Debug|ARM
		{509A984D-0370-40FE-9A1E-D9F1BFEB8072}.Debug|ARM.Build.0 = Debug|ARM
		{509A984D-0370-40FE-9A1E-D9F1BFEB8072}.Debug|ARM.Deploy.0 = Debug|ARM
		{509A984D-0370-40FE-9A1E-D9F1BFEB8072}.Debug|ARM64.ActiveCfg = Debug|ARM64
		{509A984D-0370-40FE-9A1E-D9F1BFEB8072}.Debug|ARM64.Build.0 = Debug|ARM64
		{509A984D-0370-40FE-9A1E-D9F1BFEB8072}.Debug|ARM64.Deploy.0 = Debug|ARM64
		{509A984D-0370-40FE-9A1E-D9F1BFEB8072}.Debug|x64.ActiveCfg = Debug|x64
		{509A984D-0370-40FE-9A1E-D9F1BFEB8072}.Debug|x64.Build.0 = Debug|x64
		{509A984D-0370-40FE-9A1E-D9F1BFEB8072}.Debug|x64.Deploy.0 = Debug|x64
		{509A984D-0370-40FE-9A1E-D9F1BFEB8072}.Debug|x86.ActiveCfg = Debug|x86
		{509A984D-0370-40FE-9A1E-D9F1BFEB8072}.Debug|x86.Build.0 = Debug|x86
		{509A984D-0370-40FE-9A1E-D9F1BFEB8072}.Debug|x86.Deploy.0 = Debug|x86
		{509A984D-0370-40FE-9A1E-D9F1BFEB8072}.Release|Any CPU.ActiveCfg = Release|x86
		{509A984D-0370-40FE-9A1E-D9F1BFEB8072}.Release|ARM.ActiveCfg = Release|ARM
		{509A984D-0370-40FE-9A1E-D9F1BFEB8072}.Release|ARM.Build.0 = Release|ARM
		{509A984D-0370-40FE-9A1E-D9F1BFEB8072}.Release|ARM.Deploy.0 = Release|ARM
		{509A984D-0370-40FE-9A1E-D9F1BFEB8072}.Release|ARM64.ActiveCfg = Release|ARM64
		{509A984D-0370-40FE-9A1E-D9F1BFEB8072}.Release|ARM64.Build.0 = Release|ARM64
		{509A984D-0370-40FE-9A1E-D9F1BFEB8072}.Release|ARM64.Deploy.0 = Release|ARM64
		{509A984D-0370-40FE-9A1E-D9F1BFEB8072}.Release|x64.ActiveCfg = Release|x64
		{509A984D-0370-40FE-9A1E-D9F1BFEB8072}.Release|x64.Build.0 = Release|x64
		{509A984D-0370-40FE-9A1E-D9F1BFEB8072}.Release|x64.Deploy.0 = Release|x64
		{509A984D-0370-40FE-9A1E-D9F1BFEB8072}.Release|x86.ActiveCfg = Release|x86
		{509A984D-0370-40FE-9A1E-D9F1BFEB8072}.Release|x86.Build.0 = Release|x86
		{509A984D-0370-40FE-9A1E-D9F1BFEB8072}.Release|x86.Deploy.0 = Release|x86
		{1D8A5A75-2774-4364-A65C-EE13DF13DCD1}.Debug|Any CPU.ActiveCfg = Debug|Any CPU
		{1D8A5A75-2774-4364-A65C-EE13DF13DCD1}.Debug|Any CPU.Build.0 = Debug|Any CPU
		{1D8A5A75-2774-4364-A65C-EE13DF13DCD1}.Debug|ARM.ActiveCfg = Debug|Any CPU
		{1D8A5A75-2774-4364-A65C-EE13DF13DCD1}.Debug|ARM.Build.0 = Debug|Any CPU
		{1D8A5A75-2774-4364-A65C-EE13DF13DCD1}.Debug|ARM64.ActiveCfg = Debug|Any CPU
		{1D8A5A75-2774-4364-A65C-EE13DF13DCD1}.Debug|ARM64.Build.0 = Debug|Any CPU
		{1D8A5A75-2774-4364-A65C-EE13DF13DCD1}.Debug|x64.ActiveCfg = Debug|Any CPU
		{1D8A5A75-2774-4364-A65C-EE13DF13DCD1}.Debug|x64.Build.0 = Debug|Any CPU
		{1D8A5A75-2774-4364-A65C-EE13DF13DCD1}.Debug|x86.ActiveCfg = Debug|Any CPU
		{1D8A5A75-2774-4364-A65C-EE13DF13DCD1}.Debug|x86.Build.0 = Debug|Any CPU
		{1D8A5A75-2774-4364-A65C-EE13DF13DCD1}.Release|Any CPU.ActiveCfg = Release|Any CPU
		{1D8A5A75-2774-4364-A65C-EE13DF13DCD1}.Release|Any CPU.Build.0 = Release|Any CPU
		{1D8A5A75-2774-4364-A65C-EE13DF13DCD1}.Release|ARM.ActiveCfg = Release|Any CPU
		{1D8A5A75-2774-4364-A65C-EE13DF13DCD1}.Release|ARM.Build.0 = Release|Any CPU
		{1D8A5A75-2774-4364-A65C-EE13DF13DCD1}.Release|ARM64.ActiveCfg = Release|Any CPU
		{1D8A5A75-2774-4364-A65C-EE13DF13DCD1}.Release|ARM64.Build.0 = Release|Any CPU
		{1D8A5A75-2774-4364-A65C-EE13DF13DCD1}.Release|x64.ActiveCfg = Release|Any CPU
		{1D8A5A75-2774-4364-A65C-EE13DF13DCD1}.Release|x64.Build.0 = Release|Any CPU
		{1D8A5A75-2774-4364-A65C-EE13DF13DCD1}.Release|x86.ActiveCfg = Release|Any CPU
		{1D8A5A75-2774-4364-A65C-EE13DF13DCD1}.Release|x86.Build.0 = Release|Any CPU
		{2CE15846-4DFB-4755-9826-D3A1315625E7}.Debug|Any CPU.ActiveCfg = Debug|Any CPU
		{2CE15846-4DFB-4755-9826-D3A1315625E7}.Debug|Any CPU.Build.0 = Debug|Any CPU
		{2CE15846-4DFB-4755-9826-D3A1315625E7}.Debug|ARM.ActiveCfg = Debug|Any CPU
		{2CE15846-4DFB-4755-9826-D3A1315625E7}.Debug|ARM.Build.0 = Debug|Any CPU
		{2CE15846-4DFB-4755-9826-D3A1315625E7}.Debug|ARM64.ActiveCfg = Debug|Any CPU
		{2CE15846-4DFB-4755-9826-D3A1315625E7}.Debug|ARM64.Build.0 = Debug|Any CPU
		{2CE15846-4DFB-4755-9826-D3A1315625E7}.Debug|x64.ActiveCfg = Debug|Any CPU
		{2CE15846-4DFB-4755-9826-D3A1315625E7}.Debug|x64.Build.0 = Debug|Any CPU
		{2CE15846-4DFB-4755-9826-D3A1315625E7}.Debug|x86.ActiveCfg = Debug|Any CPU
		{2CE15846-4DFB-4755-9826-D3A1315625E7}.Debug|x86.Build.0 = Debug|Any CPU
		{2CE15846-4DFB-4755-9826-D3A1315625E7}.Release|Any CPU.ActiveCfg = Release|Any CPU
		{2CE15846-4DFB-4755-9826-D3A1315625E7}.Release|Any CPU.Build.0 = Release|Any CPU
		{2CE15846-4DFB-4755-9826-D3A1315625E7}.Release|ARM.ActiveCfg = Release|Any CPU
		{2CE15846-4DFB-4755-9826-D3A1315625E7}.Release|ARM.Build.0 = Release|Any CPU
		{2CE15846-4DFB-4755-9826-D3A1315625E7}.Release|ARM64.ActiveCfg = Release|Any CPU
		{2CE15846-4DFB-4755-9826-D3A1315625E7}.Release|ARM64.Build.0 = Release|Any CPU
		{2CE15846-4DFB-4755-9826-D3A1315625E7}.Release|x64.ActiveCfg = Release|Any CPU
		{2CE15846-4DFB-4755-9826-D3A1315625E7}.Release|x64.Build.0 = Release|Any CPU
		{2CE15846-4DFB-4755-9826-D3A1315625E7}.Release|x86.ActiveCfg = Release|Any CPU
		{2CE15846-4DFB-4755-9826-D3A1315625E7}.Release|x86.Build.0 = Release|Any CPU
		{B98C4149-A0D5-446B-A1E1-4EE213100CDB}.Debug|Any CPU.ActiveCfg = Debug|Any CPU
		{B98C4149-A0D5-446B-A1E1-4EE213100CDB}.Debug|Any CPU.Build.0 = Debug|Any CPU
		{B98C4149-A0D5-446B-A1E1-4EE213100CDB}.Debug|ARM.ActiveCfg = Debug|Any CPU
		{B98C4149-A0D5-446B-A1E1-4EE213100CDB}.Debug|ARM.Build.0 = Debug|Any CPU
		{B98C4149-A0D5-446B-A1E1-4EE213100CDB}.Debug|ARM64.ActiveCfg = Debug|Any CPU
		{B98C4149-A0D5-446B-A1E1-4EE213100CDB}.Debug|ARM64.Build.0 = Debug|Any CPU
		{B98C4149-A0D5-446B-A1E1-4EE213100CDB}.Debug|x64.ActiveCfg = Debug|Any CPU
		{B98C4149-A0D5-446B-A1E1-4EE213100CDB}.Debug|x64.Build.0 = Debug|Any CPU
		{B98C4149-A0D5-446B-A1E1-4EE213100CDB}.Debug|x86.ActiveCfg = Debug|Any CPU
		{B98C4149-A0D5-446B-A1E1-4EE213100CDB}.Debug|x86.Build.0 = Debug|Any CPU
		{B98C4149-A0D5-446B-A1E1-4EE213100CDB}.Release|Any CPU.ActiveCfg = Release|Any CPU
		{B98C4149-A0D5-446B-A1E1-4EE213100CDB}.Release|Any CPU.Build.0 = Release|Any CPU
		{B98C4149-A0D5-446B-A1E1-4EE213100CDB}.Release|ARM.ActiveCfg = Release|Any CPU
		{B98C4149-A0D5-446B-A1E1-4EE213100CDB}.Release|ARM.Build.0 = Release|Any CPU
		{B98C4149-A0D5-446B-A1E1-4EE213100CDB}.Release|ARM64.ActiveCfg = Release|Any CPU
		{B98C4149-A0D5-446B-A1E1-4EE213100CDB}.Release|ARM64.Build.0 = Release|Any CPU
		{B98C4149-A0D5-446B-A1E1-4EE213100CDB}.Release|x64.ActiveCfg = Release|Any CPU
		{B98C4149-A0D5-446B-A1E1-4EE213100CDB}.Release|x64.Build.0 = Release|Any CPU
		{B98C4149-A0D5-446B-A1E1-4EE213100CDB}.Release|x86.ActiveCfg = Release|Any CPU
		{B98C4149-A0D5-446B-A1E1-4EE213100CDB}.Release|x86.Build.0 = Release|Any CPU
	EndGlobalSection
	GlobalSection(SolutionProperties) = preSolution
		HideSolutionNode = FALSE
	EndGlobalSection
	GlobalSection(ExtensibilityGlobals) = postSolution
		SolutionGuid = {A9AB2CC6-DC93-42C0-A866-9441461ABC8E}
	EndGlobalSection
EndGlobal
